
Microsoft Visual Studio Solution File, Format Version 12.00
Project("{FAE04EC0-301F-11D3-BF4B-00C04F79EFBC}") = "OsuDroid", "OsuDroid\OsuDroid.csproj", "{ADD3206B-95F6-4191-8C49-FBEEEB9343F2}"
EndProject
Project("{FAE04EC0-301F-11D3-BF4B-00C04F79EFBC}") = "Patreon.NET", "Patreon.NET\Patreon.NET.csproj", "{3AAE88D4-8DA9-4F56-9536-19330C4B84A4}"
EndProject
Project("{FAE04EC0-301F-11D3-BF4B-00C04F79EFBC}") = "OsuDroidExtraInterface", "OsuDroidExtraInterface\OsuDroidExtraInterface.csproj", "{59473B00-7CE6-4C65-AEDF-576258C431FD}"
EndProject
Project("{FAE04EC0-301F-11D3-BF4B-00C04F79EFBC}") = "OsuDroidLib", "OsuDroidLib\OsuDroidLib.csproj", "{5EA87099-D21D-4949-9A7D-2FCE06DCD73C}"
EndProject
Project("{FAE04EC0-301F-11D3-BF4B-00C04F79EFBC}") = "OsuDroidServiceCleaner", "OsuDroidServiceCleaner\OsuDroidServiceCleaner.csproj", "{6017C6CA-1E31-41C3-8DAE-1124FEE9C524}"
EndProject
Project("{FAE04EC0-301F-11D3-BF4B-00C04F79EFBC}") = "OsuiDroidServicePatreon", "OsuiDroidServicePatreon\OsuiDroidServicePatreon.csproj", "{3861B6EC-BF2D-45F7-B93F-3271B672FE71}"
EndProject
Project("{FAE04EC0-301F-11D3-BF4B-00C04F79EFBC}") = "OsuDroidServiceRankingTimeline", "OsuDroidServiceRankingTimeline\OsuDroidServiceRankingTimeline.csproj", "{9A3FD747-8A97-401C-8A7C-619FEAA9F558}"
EndProject
Global
	GlobalSection(SolutionConfigurationPlatforms) = preSolution
		Debug|Any CPU = Debug|Any CPU
		Release|Any CPU = Release|Any CPU
	EndGlobalSection
	GlobalSection(ProjectConfigurationPlatforms) = postSolution
		{ADD3206B-95F6-4191-8C49-FBEEEB9343F2}.Release|Any CPU.ActiveCfg = Release|Any CPU
		{ADD3206B-95F6-4191-8C49-FBEEEB9343F2}.Release|Any CPU.Build.0 = Release|Any CPU
		{ADD3206B-95F6-4191-8C49-FBEEEB9343F2}.Debug|Any CPU.ActiveCfg = Release|Any CPU
		{ADD3206B-95F6-4191-8C49-FBEEEB9343F2}.Debug|Any CPU.Build.0 = Release|Any CPU
		{3AAE88D4-8DA9-4F56-9536-19330C4B84A4}.Release|Any CPU.ActiveCfg = Release|Any CPU
		{3AAE88D4-8DA9-4F56-9536-19330C4B84A4}.Release|Any CPU.Build.0 = Release|Any CPU
		{3AAE88D4-8DA9-4F56-9536-19330C4B84A4}.Debug|Any CPU.ActiveCfg = Release|Any CPU
		{3AAE88D4-8DA9-4F56-9536-19330C4B84A4}.Debug|Any CPU.Build.0 = Release|Any CPU
		{BC8FC011-A8C5-4F19-B502-1EED1F3E7A56}.Release|Any CPU.ActiveCfg = Release|Any CPU
		{BC8FC011-A8C5-4F19-B502-1EED1F3E7A56}.Release|Any CPU.Build.0 = Release|Any CPU
		{BC8FC011-A8C5-4F19-B502-1EED1F3E7A56}.Debug|Any CPU.ActiveCfg = Release|Any CPU
		{59473B00-7CE6-4C65-AEDF-576258C431FD}.Release|Any CPU.ActiveCfg = Release|Any CPU
		{59473B00-7CE6-4C65-AEDF-576258C431FD}.Release|Any CPU.Build.0 = Release|Any CPU
		{59473B00-7CE6-4C65-AEDF-576258C431FD}.Debug|Any CPU.ActiveCfg = Release|Any CPU
		{59473B00-7CE6-4C65-AEDF-576258C431FD}.Debug|Any CPU.Build.0 = Release|Any CPU
		{5EA87099-D21D-4949-9A7D-2FCE06DCD73C}.Debug|Any CPU.ActiveCfg = Debug|Any CPU
		{5EA87099-D21D-4949-9A7D-2FCE06DCD73C}.Debug|Any CPU.Build.0 = Debug|Any CPU
		{5EA87099-D21D-4949-9A7D-2FCE06DCD73C}.Release|Any CPU.ActiveCfg = Release|Any CPU
		{5EA87099-D21D-4949-9A7D-2FCE06DCD73C}.Release|Any CPU.Build.0 = Release|Any CPU
		{6017C6CA-1E31-41C3-8DAE-1124FEE9C524}.Debug|Any CPU.ActiveCfg = Debug|Any CPU
		{6017C6CA-1E31-41C3-8DAE-1124FEE9C524}.Debug|Any CPU.Build.0 = Debug|Any CPU
		{6017C6CA-1E31-41C3-8DAE-1124FEE9C524}.Release|Any CPU.ActiveCfg = Release|Any CPU
		{6017C6CA-1E31-41C3-8DAE-1124FEE9C524}.Release|Any CPU.Build.0 = Release|Any CPU
		{3861B6EC-BF2D-45F7-B93F-3271B672FE71}.Debug|Any CPU.ActiveCfg = Debug|Any CPU
		{3861B6EC-BF2D-45F7-B93F-3271B672FE71}.Debug|Any CPU.Build.0 = Debug|Any CPU
		{3861B6EC-BF2D-45F7-B93F-3271B672FE71}.Release|Any CPU.ActiveCfg = Release|Any CPU
		{3861B6EC-BF2D-45F7-B93F-3271B672FE71}.Release|Any CPU.Build.0 = Release|Any CPU
		{9A3FD747-8A97-401C-8A7C-619FEAA9F558}.Debug|Any CPU.ActiveCfg = Debug|Any CPU
		{9A3FD747-8A97-401C-8A7C-619FEAA9F558}.Debug|Any CPU.Build.0 = Debug|Any CPU
		{9A3FD747-8A97-401C-8A7C-619FEAA9F558}.Release|Any CPU.ActiveCfg = Release|Any CPU
		{9A3FD747-8A97-401C-8A7C-619FEAA9F558}.Release|Any CPU.Build.0 = Release|Any CPU
	EndGlobalSection
EndGlobal
